
Microsoft Visual Studio Solution File, Format Version 12.00
# Visual Studio Version 16
VisualStudioVersion = 16.0.30413.136
MinimumVisualStudioVersion = 10.0.40219.1
Project("{9A19103F-16F7-4668-BE54-9A1E7A4F7556}") = "Engine", "Engine\Engine.csproj", "{7A74552D-7A70-47C2-9D58-4CF84E935C28}"
EndProject
Project("{9A19103F-16F7-4668-BE54-9A1E7A4F7556}") = "Engine.UnitTests", "Engine.UnitTests\Engine.UnitTests.csproj", "{8B286B7E-36C8-4441-A527-700D94F7C30D}"
EndProject
Project("{9A19103F-16F7-4668-BE54-9A1E7A4F7556}") = "Debug.NetTestWinForms", "Debug.NetTestWinForms\Debug.NetTestWinForms.csproj", "{6662A302-8920-4B7C-A514-5CAB39F01208}"
EndProject
Project("{9A19103F-16F7-4668-BE54-9A1E7A4F7556}") = "Debug.NetTest3D", "Debug.NetTest3D\Debug.NetTest3D.csproj", "{70156EA7-D0C5-46A5-9D54-758E5CEB50F8}"
EndProject
Project("{9A19103F-16F7-4668-BE54-9A1E7A4F7556}") = "Framework.MonoGame", "Framework.MonoGame\Framework.MonoGame.csproj", "{B5A0F793-95A7-42ED-99C7-19AA3B94C4A0}"
EndProject
Project("{9A19103F-16F7-4668-BE54-9A1E7A4F7556}") = "Framework.MonoGame.UnitTests", "Framework.MonoGame.UnitTests\Framework.MonoGame.UnitTests.csproj", "{42F8CB51-33BD-4687-92FE-85DD50D6F40A}"
EndProject
Project("{FAE04EC0-301F-11D3-BF4B-00C04F79EFBC}") = "Game.Fps", "Game.Fps\Game.Fps.csproj", "{E4A6B7FE-8F52-43A9-890F-E94B629BA4AE}"
EndProject
Global
	GlobalSection(SolutionConfigurationPlatforms) = preSolution
		Debug|Any CPU = Debug|Any CPU
		Release|Any CPU = Release|Any CPU
	EndGlobalSection
	GlobalSection(ProjectConfigurationPlatforms) = postSolution
		{7A74552D-7A70-47C2-9D58-4CF84E935C28}.Debug|Any CPU.ActiveCfg = Debug|Any CPU
		{7A74552D-7A70-47C2-9D58-4CF84E935C28}.Debug|Any CPU.Build.0 = Debug|Any CPU
		{7A74552D-7A70-47C2-9D58-4CF84E935C28}.Release|Any CPU.ActiveCfg = Release|Any CPU
		{7A74552D-7A70-47C2-9D58-4CF84E935C28}.Release|Any CPU.Build.0 = Release|Any CPU
		{8B286B7E-36C8-4441-A527-700D94F7C30D}.Debug|Any CPU.ActiveCfg = Debug|Any CPU
		{8B286B7E-36C8-4441-A527-700D94F7C30D}.Debug|Any CPU.Build.0 = Debug|Any CPU
		{8B286B7E-36C8-4441-A527-700D94F7C30D}.Release|Any CPU.ActiveCfg = Release|Any CPU
		{8B286B7E-36C8-4441-A527-700D94F7C30D}.Release|Any CPU.Build.0 = Release|Any CPU
		{6662A302-8920-4B7C-A514-5CAB39F01208}.Debug|Any CPU.ActiveCfg = Debug|Any CPU
		{6662A302-8920-4B7C-A514-5CAB39F01208}.Debug|Any CPU.Build.0 = Debug|Any CPU
		{6662A302-8920-4B7C-A514-5CAB39F01208}.Release|Any CPU.ActiveCfg = Release|Any CPU
		{6662A302-8920-4B7C-A514-5CAB39F01208}.Release|Any CPU.Build.0 = Release|Any CPU
		{70156EA7-D0C5-46A5-9D54-758E5CEB50F8}.Debug|Any CPU.ActiveCfg = Debug|Any CPU
		{70156EA7-D0C5-46A5-9D54-758E5CEB50F8}.Debug|Any CPU.Build.0 = Debug|Any CPU
		{70156EA7-D0C5-46A5-9D54-758E5CEB50F8}.Release|Any CPU.ActiveCfg = Release|Any CPU
		{70156EA7-D0C5-46A5-9D54-758E5CEB50F8}.Release|Any CPU.Build.0 = Release|Any CPU
		{B5A0F793-95A7-42ED-99C7-19AA3B94C4A0}.Debug|Any CPU.ActiveCfg = Debug|Any CPU
		{B5A0F793-95A7-42ED-99C7-19AA3B94C4A0}.Debug|Any CPU.Build.0 = Debug|Any CPU
		{B5A0F793-95A7-42ED-99C7-19AA3B94C4A0}.Release|Any CPU.ActiveCfg = Release|Any CPU
		{B5A0F793-95A7-42ED-99C7-19AA3B94C4A0}.Release|Any CPU.Build.0 = Release|Any CPU
		{42F8CB51-33BD-4687-92FE-85DD50D6F40A}.Debug|Any CPU.ActiveCfg = Debug|Any CPU
		{42F8CB51-33BD-4687-92FE-85DD50D6F40A}.Debug|Any CPU.Build.0 = Debug|Any CPU
		{42F8CB51-33BD-4687-92FE-85DD50D6F40A}.Release|Any CPU.ActiveCfg = Release|Any CPU
		{42F8CB51-33BD-4687-92FE-85DD50D6F40A}.Release|Any CPU.Build.0 = Release|Any CPU
		{E4A6B7FE-8F52-43A9-890F-E94B629BA4AE}.Debug|Any CPU.ActiveCfg = Debug|Any CPU
		{E4A6B7FE-8F52-43A9-890F-E94B629BA4AE}.Debug|Any CPU.Build.0 = Debug|Any CPU
		{E4A6B7FE-8F52-43A9-890F-E94B629BA4AE}.Release|Any CPU.ActiveCfg = Release|Any CPU
		{E4A6B7FE-8F52-43A9-890F-E94B629BA4AE}.Release|Any CPU.Build.0 = Release|Any CPU
	EndGlobalSection
	GlobalSection(SolutionProperties) = preSolution
		HideSolutionNode = FALSE
	EndGlobalSection
	GlobalSection(ExtensibilityGlobals) = postSolution
		SolutionGuid = {5BD756E6-0EF7-4F35-8BD7-E33A6FDA0AB1}
	EndGlobalSection
EndGlobal
