
Microsoft Visual Studio Solution File, Format Version 12.00
# Visual Studio 14
VisualStudioVersion = 14.0.25123.0
MinimumVisualStudioVersion = 10.0.40219.1
Project("{FAE04EC0-301F-11D3-BF4B-00C04F79EFBC}") = "Entmoot.Engine", "Engine\Entmoot.Engine.csproj", "{554F936E-450D-4132-9104-AAAB2D34E3BB}"
EndProject
Project("{FAE04EC0-301F-11D3-BF4B-00C04F79EFBC}") = "Entmoot.TestGame", "TestGame\Entmoot.TestGame.csproj", "{A08B499E-C0B3-4816-98B4-A7B8B1337C96}"
EndProject
Global
	GlobalSection(SolutionConfigurationPlatforms) = preSolution
		Debug|Any CPU = Debug|Any CPU
		Release|Any CPU = Release|Any CPU
	EndGlobalSection
	GlobalSection(ProjectConfigurationPlatforms) = postSolution
		{554F936E-450D-4132-9104-AAAB2D34E3BB}.Debug|Any CPU.ActiveCfg = Debug|Any CPU
		{554F936E-450D-4132-9104-AAAB2D34E3BB}.Debug|Any CPU.Build.0 = Debug|Any CPU
		{554F936E-450D-4132-9104-AAAB2D34E3BB}.Release|Any CPU.ActiveCfg = Release|Any CPU
		{554F936E-450D-4132-9104-AAAB2D34E3BB}.Release|Any CPU.Build.0 = Release|Any CPU
		{A08B499E-C0B3-4816-98B4-A7B8B1337C96}.Debug|Any CPU.ActiveCfg = Debug|Any CPU
		{A08B499E-C0B3-4816-98B4-A7B8B1337C96}.Debug|Any CPU.Build.0 = Debug|Any CPU
		{A08B499E-C0B3-4816-98B4-A7B8B1337C96}.Release|Any CPU.ActiveCfg = Release|Any CPU
		{A08B499E-C0B3-4816-98B4-A7B8B1337C96}.Release|Any CPU.Build.0 = Release|Any CPU
	EndGlobalSection
	GlobalSection(SolutionProperties) = preSolution
		HideSolutionNode = FALSE
	EndGlobalSection
EndGlobal
